
Microsoft Visual Studio Solution File, Format Version 12.00
# Visual Studio Version 17
VisualStudioVersion = 17.14.36408.4 d17.14
MinimumVisualStudioVersion = 10.0.40219.1
Project("{FAE04EC0-301F-11D3-BF4B-00C04F79EFBC}") = "GenealogyTree.Console", "GenealogyTree.Console\GenealogyTree.Console.csproj", "{1EEC8CBC-E1E7-419C-9D5F-69C95CB35F90}"
EndProject
Project("{FAE04EC0-301F-11D3-BF4B-00C04F79EFBC}") = "Genealogy.Domain", "Genealogy.Domain\Genealogy.Domain.csproj", "{69661822-D1D9-473D-BD61-26505CB84FC0}"
EndProject
Project("{FAE04EC0-301F-11D3-BF4B-00C04F79EFBC}") = "Genealogy.Application", "Genealogy.Application\Genealogy.Application.csproj", "{436675DF-4881-B78E-92D0-62A4AA81C2C4}"
EndProject
Project("{FAE04EC0-301F-11D3-BF4B-00C04F79EFBC}") = "Genealogy.Infrastructure", "Genealogy.Infrastructure\Genealogy.Infrastructure.csproj", "{D816CAC1-1B83-4097-AA67-147C89539E19}"
EndProject
Project("{FAE04EC0-301F-11D3-BF4B-00C04F79EFBC}") = "Genealogy.Tests", "Genealogy.Tests\Genealogy.Tests.csproj", "{6A967189-0137-41FF-AB4F-ED8742E4B305}"
EndProject
Global
	GlobalSection(SolutionConfigurationPlatforms) = preSolution
		Debug|Any CPU = Debug|Any CPU
		Release|Any CPU = Release|Any CPU
	EndGlobalSection
	GlobalSection(ProjectConfigurationPlatforms) = postSolution
		{1EEC8CBC-E1E7-419C-9D5F-69C95CB35F90}.Debug|Any CPU.ActiveCfg = Debug|Any CPU
		{1EEC8CBC-E1E7-419C-9D5F-69C95CB35F90}.Debug|Any CPU.Build.0 = Debug|Any CPU
		{1EEC8CBC-E1E7-419C-9D5F-69C95CB35F90}.Release|Any CPU.ActiveCfg = Release|Any CPU
		{1EEC8CBC-E1E7-419C-9D5F-69C95CB35F90}.Release|Any CPU.Build.0 = Release|Any CPU
		{69661822-D1D9-473D-BD61-26505CB84FC0}.Debug|Any CPU.ActiveCfg = Debug|Any CPU
		{69661822-D1D9-473D-BD61-26505CB84FC0}.Debug|Any CPU.Build.0 = Debug|Any CPU
		{69661822-D1D9-473D-BD61-26505CB84FC0}.Release|Any CPU.ActiveCfg = Release|Any CPU
		{69661822-D1D9-473D-BD61-26505CB84FC0}.Release|Any CPU.Build.0 = Release|Any CPU
		{436675DF-4881-B78E-92D0-62A4AA81C2C4}.Debug|Any CPU.ActiveCfg = Debug|Any CPU
		{436675DF-4881-B78E-92D0-62A4AA81C2C4}.Debug|Any CPU.Build.0 = Debug|Any CPU
		{436675DF-4881-B78E-92D0-62A4AA81C2C4}.Release|Any CPU.ActiveCfg = Release|Any CPU
		{436675DF-4881-B78E-92D0-62A4AA81C2C4}.Release|Any CPU.Build.0 = Release|Any CPU
		{D816CAC1-1B83-4097-AA67-147C89539E19}.Debug|Any CPU.ActiveCfg = Debug|Any CPU
		{D816CAC1-1B83-4097-AA67-147C89539E19}.Debug|Any CPU.Build.0 = Debug|Any CPU
		{D816CAC1-1B83-4097-AA67-147C89539E19}.Release|Any CPU.ActiveCfg = Release|Any CPU
		{D816CAC1-1B83-4097-AA67-147C89539E19}.Release|Any CPU.Build.0 = Release|Any CPU
		{6A967189-0137-41FF-AB4F-ED8742E4B305}.Debug|Any CPU.ActiveCfg = Debug|Any CPU
		{6A967189-0137-41FF-AB4F-ED8742E4B305}.Debug|Any CPU.Build.0 = Debug|Any CPU
		{6A967189-0137-41FF-AB4F-ED8742E4B305}.Release|Any CPU.ActiveCfg = Release|Any CPU
		{6A967189-0137-41FF-AB4F-ED8742E4B305}.Release|Any CPU.Build.0 = Release|Any CPU
	EndGlobalSection
	GlobalSection(SolutionProperties) = preSolution
		HideSolutionNode = FALSE
	EndGlobalSection
	GlobalSection(ExtensibilityGlobals) = postSolution
		SolutionGuid = {61EEC544-CB93-4F81-A028-541AF84BB879}
	EndGlobalSection
EndGlobal
